
Microsoft Visual Studio Solution File, Format Version 12.00
# Visual Studio Version 17
VisualStudioVersion = 17.7.34024.191
MinimumVisualStudioVersion = 10.0.40219.1
Project("{FAE04EC0-301F-11D3-BF4B-00C04F79EFBC}") = "LR5.1", "LR5\LR5.1.csproj", "{0F96CE59-76F2-4D63-A965-EEE4707DC7A9}"
EndProject
Project("{FAE04EC0-301F-11D3-BF4B-00C04F79EFBC}") = "LR5.2", "LR5.2\LR5.2.csproj", "{6DD0DF8D-FB63-4FCD-8C59-2A78E2C8BE47}"
EndProject
Global
	GlobalSection(SolutionConfigurationPlatforms) = preSolution
		Debug|Any CPU = Debug|Any CPU
		Release|Any CPU = Release|Any CPU
	EndGlobalSection
	GlobalSection(ProjectConfigurationPlatforms) = postSolution
		{0F96CE59-76F2-4D63-A965-EEE4707DC7A9}.Debug|Any CPU.ActiveCfg = Debug|Any CPU
		{0F96CE59-76F2-4D63-A965-EEE4707DC7A9}.Debug|Any CPU.Build.0 = Debug|Any CPU
		{0F96CE59-76F2-4D63-A965-EEE4707DC7A9}.Release|Any CPU.ActiveCfg = Release|Any CPU
		{0F96CE59-76F2-4D63-A965-EEE4707DC7A9}.Release|Any CPU.Build.0 = Release|Any CPU
		{6DD0DF8D-FB63-4FCD-8C59-2A78E2C8BE47}.Debug|Any CPU.ActiveCfg = Debug|Any CPU
		{6DD0DF8D-FB63-4FCD-8C59-2A78E2C8BE47}.Debug|Any CPU.Build.0 = Debug|Any CPU
		{6DD0DF8D-FB63-4FCD-8C59-2A78E2C8BE47}.Release|Any CPU.ActiveCfg = Release|Any CPU
		{6DD0DF8D-FB63-4FCD-8C59-2A78E2C8BE47}.Release|Any CPU.Build.0 = Release|Any CPU
	EndGlobalSection
	GlobalSection(SolutionProperties) = preSolution
		HideSolutionNode = FALSE
	EndGlobalSection
	GlobalSection(ExtensibilityGlobals) = postSolution
		SolutionGuid = {72BA927A-9CD7-4002-B6D9-BE6D9FB727D6}
	EndGlobalSection
EndGlobal
